
Microsoft Visual Studio Solution File, Format Version 12.00
Project("{FAE04EC0-301F-11D3-BF4B-00C04F79EFBC}") = "RestaurantReservation", "RestaurantReservation\RestaurantReservation.csproj", "{36CE4C48-AC2C-4791-9D84-3D68E417D0AB}"
EndProject
Project("{FAE04EC0-301F-11D3-BF4B-00C04F79EFBC}") = "RestaurantReservation.Db", "RestaurantReservation.Db\RestaurantReservation.Db.csproj", "{768F9942-8F2D-4870-81BF-F9D44E42BD49}"
EndProject
Global
	GlobalSection(SolutionConfigurationPlatforms) = preSolution
		Debug|Any CPU = Debug|Any CPU
		Release|Any CPU = Release|Any CPU
	EndGlobalSection
	GlobalSection(ProjectConfigurationPlatforms) = postSolution
		{36CE4C48-AC2C-4791-9D84-3D68E417D0AB}.Debug|Any CPU.ActiveCfg = Debug|Any CPU
		{36CE4C48-AC2C-4791-9D84-3D68E417D0AB}.Debug|Any CPU.Build.0 = Debug|Any CPU
		{36CE4C48-AC2C-4791-9D84-3D68E417D0AB}.Release|Any CPU.ActiveCfg = Release|Any CPU
		{36CE4C48-AC2C-4791-9D84-3D68E417D0AB}.Release|Any CPU.Build.0 = Release|Any CPU
		{768F9942-8F2D-4870-81BF-F9D44E42BD49}.Debug|Any CPU.ActiveCfg = Debug|Any CPU
		{768F9942-8F2D-4870-81BF-F9D44E42BD49}.Debug|Any CPU.Build.0 = Debug|Any CPU
		{768F9942-8F2D-4870-81BF-F9D44E42BD49}.Release|Any CPU.ActiveCfg = Release|Any CPU
		{768F9942-8F2D-4870-81BF-F9D44E42BD49}.Release|Any CPU.Build.0 = Release|Any CPU
	EndGlobalSection
EndGlobal
